
Microsoft Visual Studio Solution File, Format Version 12.00
# Visual Studio Version 17
VisualStudioVersion = 17.12.35527.113
MinimumVisualStudioVersion = 10.0.40219.1
Project("{9A19103F-16F7-4668-BE54-9A1E7A4F7556}") = "Susalem.WPFIndustrialControls", "Susalem.WPFIndustrialControls\Susalem.WPFIndustrialControls.csproj", "{7A7DD330-F2FD-435C-AE08-62F66F3ABF27}"
EndProject
Project("{9A19103F-16F7-4668-BE54-9A1E7A4F7556}") = "Demo", "Demo\Demo.csproj", "{D077DDFB-4D1D-44E3-A1D0-86DB5BFC737E}"
EndProject
Project("{FAE04EC0-301F-11D3-BF4B-00C04F79EFBC}") = "Susalem.Stone", "Susalem.Stone\Susalem.Stone.csproj", "{0BDCC376-EA47-474B-998D-5136A2116E94}"
EndProject
Global
	GlobalSection(SolutionConfigurationPlatforms) = preSolution
		Debug|Any CPU = Debug|Any CPU
		Release|Any CPU = Release|Any CPU
	EndGlobalSection
	GlobalSection(ProjectConfigurationPlatforms) = postSolution
		{7A7DD330-F2FD-435C-AE08-62F66F3ABF27}.Debug|Any CPU.ActiveCfg = Debug|Any CPU
		{7A7DD330-F2FD-435C-AE08-62F66F3ABF27}.Debug|Any CPU.Build.0 = Debug|Any CPU
		{7A7DD330-F2FD-435C-AE08-62F66F3ABF27}.Release|Any CPU.ActiveCfg = Release|Any CPU
		{7A7DD330-F2FD-435C-AE08-62F66F3ABF27}.Release|Any CPU.Build.0 = Release|Any CPU
		{D077DDFB-4D1D-44E3-A1D0-86DB5BFC737E}.Debug|Any CPU.ActiveCfg = Debug|Any CPU
		{D077DDFB-4D1D-44E3-A1D0-86DB5BFC737E}.Debug|Any CPU.Build.0 = Debug|Any CPU
		{D077DDFB-4D1D-44E3-A1D0-86DB5BFC737E}.Release|Any CPU.ActiveCfg = Release|Any CPU
		{D077DDFB-4D1D-44E3-A1D0-86DB5BFC737E}.Release|Any CPU.Build.0 = Release|Any CPU
		{0BDCC376-EA47-474B-998D-5136A2116E94}.Debug|Any CPU.ActiveCfg = Debug|Any CPU
		{0BDCC376-EA47-474B-998D-5136A2116E94}.Debug|Any CPU.Build.0 = Debug|Any CPU
		{0BDCC376-EA47-474B-998D-5136A2116E94}.Release|Any CPU.ActiveCfg = Release|Any CPU
		{0BDCC376-EA47-474B-998D-5136A2116E94}.Release|Any CPU.Build.0 = Release|Any CPU
	EndGlobalSection
	GlobalSection(SolutionProperties) = preSolution
		HideSolutionNode = FALSE
	EndGlobalSection
	GlobalSection(ExtensibilityGlobals) = postSolution
		SolutionGuid = {FEDE5362-A2EF-42C9-8C58-2CB98DE0F4D2}
	EndGlobalSection
EndGlobal
